
Microsoft Visual Studio Solution File, Format Version 12.00
# Visual Studio Version 17
VisualStudioVersion = 17.6.33829.357
MinimumVisualStudioVersion = 10.0.40219.1
Project("{FAE04EC0-301F-11D3-BF4B-00C04F79EFBC}") = "project_service", "project_service.csproj", "{1DB2B873-4C54-47B5-B6E7-E78EEDEA3745}"
EndProject
Project("{FAE04EC0-301F-11D3-BF4B-00C04F79EFBC}") = "HelloWorldService", "..\HelloWorldService\HelloWorldService.csproj", "{58FEC7B6-32EF-4E14-9E0E-521331706AE9}"
EndProject
Global
	GlobalSection(SolutionConfigurationPlatforms) = preSolution
		Debug|Any CPU = Debug|Any CPU
		Release|Any CPU = Release|Any CPU
	EndGlobalSection
	GlobalSection(ProjectConfigurationPlatforms) = postSolution
		{1DB2B873-4C54-47B5-B6E7-E78EEDEA3745}.Debug|Any CPU.ActiveCfg = Debug|Any CPU
		{1DB2B873-4C54-47B5-B6E7-E78EEDEA3745}.Debug|Any CPU.Build.0 = Debug|Any CPU
		{1DB2B873-4C54-47B5-B6E7-E78EEDEA3745}.Release|Any CPU.ActiveCfg = Release|Any CPU
		{1DB2B873-4C54-47B5-B6E7-E78EEDEA3745}.Release|Any CPU.Build.0 = Release|Any CPU
		{58FEC7B6-32EF-4E14-9E0E-521331706AE9}.Debug|Any CPU.ActiveCfg = Debug|Any CPU
		{58FEC7B6-32EF-4E14-9E0E-521331706AE9}.Debug|Any CPU.Build.0 = Debug|Any CPU
		{58FEC7B6-32EF-4E14-9E0E-521331706AE9}.Release|Any CPU.ActiveCfg = Release|Any CPU
		{58FEC7B6-32EF-4E14-9E0E-521331706AE9}.Release|Any CPU.Build.0 = Release|Any CPU
	EndGlobalSection
	GlobalSection(SolutionProperties) = preSolution
		HideSolutionNode = FALSE
	EndGlobalSection
	GlobalSection(ExtensibilityGlobals) = postSolution
		SolutionGuid = {121F328A-E77C-4227-A7B9-CE56F4A6A0A9}
	EndGlobalSection
EndGlobal
